// !$*UTF8*$!
{
	archiveVersion = 1;
	classes = {
	};
	objectVersion = 48;
	objects = {

/* Begin PBXBuildFile section */
		A76B74E42035780A00FB1228 /* AppDelegate.m in Sources */ = {isa = PBXBuildFile; fileRef = A76B74E32035780A00FB1228 /* AppDelegate.m */; };
		A76B74E72035780A00FB1228 /* ViewController.m in Sources */ = {isa = PBXBuildFile; fileRef = A76B74E62035780A00FB1228 /* ViewController.m */; };
		A76B74EA2035780A00FB1228 /* Main.storyboard in Resources */ = {isa = PBXBuildFile; fileRef = A76B74E82035780A00FB1228 /* Main.storyboard */; };
		A76B74EC2035780A00FB1228 /* Assets.xcassets in Resources */ = {isa = PBXBuildFile; fileRef = A76B74EB2035780A00FB1228 /* Assets.xcassets */; };
		A76B74EF2035780A00FB1228 /* LaunchScreen.storyboard in Resources */ = {isa = PBXBuildFile; fileRef = A76B74ED2035780A00FB1228 /* LaunchScreen.storyboard */; };
		A76B74F22035780A00FB1228 /* main.m in Sources */ = {isa = PBXBuildFile; fileRef = A76B74F12035780A00FB1228 /* main.m */; };
		A76B74FC2035780A00FB1228 /* BarCodeDemoCodeTests.m in Sources */ = {isa = PBXBuildFile; fileRef = A76B74FB2035780A00FB1228 /* BarCodeDemoCodeTests.m */; };
		A76B75072035780A00FB1228 /* BarCodeDemoCodeUITests.m in Sources */ = {isa = PBXBuildFile; fileRef = A76B75062035780A00FB1228 /* BarCodeDemoCodeUITests.m */; };
		A76B75182035790400FB1228 /* Webservice.m in Sources */ = {isa = PBXBuildFile; fileRef = A76B75142035790400FB1228 /* Webservice.m */; };
		A76B75192035790400FB1228 /* Modal.m in Sources */ = {isa = PBXBuildFile; fileRef = A76B75162035790400FB1228 /* Modal.m */; };
		A76B751B2035793000FB1228 /* ScanditBarcodeScanner.framework in Frameworks */ = {isa = PBXBuildFile; fileRef = A76B751A2035793000FB1228 /* ScanditBarcodeScanner.framework */; };
		A76B751E2035796000FB1228 /* MediaPlayer.framework in Frameworks */ = {isa = PBXBuildFile; fileRef = A76B751D2035796000FB1228 /* MediaPlayer.framework */; };
		A76B75202035797300FB1228 /* Accelerate.framework in Frameworks */ = {isa = PBXBuildFile; fileRef = A76B751F2035797300FB1228 /* Accelerate.framework */; };
		A76B75222035797F00FB1228 /* CoreText.framework in Frameworks */ = {isa = PBXBuildFile; fileRef = A76B75212035797F00FB1228 /* CoreText.framework */; };
		A76B75252035799800FB1228 /* CoreMedia.framework in Frameworks */ = {isa = PBXBuildFile; fileRef = A76B75232035799700FB1228 /* CoreMedia.framework */; };
		A76B75262035799800FB1228 /* CoreLocation.framework in Frameworks */ = {isa = PBXBuildFile; fileRef = A76B75242035799800FB1228 /* CoreLocation.framework */; };
		A76B7528203579A100FB1228 /* Foundation.framework in Frameworks */ = {isa = PBXBuildFile; fileRef = A76B7527203579A100FB1228 /* Foundation.framework */; };
		A76B752A203579AB00FB1228 /* AVFoundation.framework in Frameworks */ = {isa = PBXBuildFile; fileRef = A76B7529203579AB00FB1228 /* AVFoundation.framework */; };
		A76B752C203579C000FB1228 /* SystemConfiguration.framework in Frameworks */ = {isa = PBXBuildFile; fileRef = A76B752B203579C000FB1228 /* SystemConfiguration.framework */; };
		A76B752E203579CD00FB1228 /* libc++.tbd in Frameworks */ = {isa = PBXBuildFile; fileRef = A76B752D203579CD00FB1228 /* libc++.tbd */; };
		A76B7530203579D700FB1228 /* libz.tbd in Frameworks */ = {isa = PBXBuildFile; fileRef = A76B752F203579D700FB1228 /* libz.tbd */; };
		A76B7532203579E200FB1228 /* libiconv.tbd in Frameworks */ = {isa = PBXBuildFile; fileRef = A76B7531203579E200FB1228 /* libiconv.tbd */; };
		A76B7534203579EB00FB1228 /* OpenGLES.framework in Frameworks */ = {isa = PBXBuildFile; fileRef = A76B7533203579EB00FB1228 /* OpenGLES.framework */; };
		A76B753720357A5500FB1228 /* ResultViewController.m in Sources */ = {isa = PBXBuildFile; fileRef = A76B753620357A5500FB1228 /* ResultViewController.m */; };
		A76B753A20357A9A00FB1228 /* WebServicesResultModal.m in Sources */ = {isa = PBXBuildFile; fileRef = A76B753920357A9A00FB1228 /* WebServicesResultModal.m */; };
		A7D5C1D9203B7CFF00FCE61B /* SliderViewController.m in Sources */ = {isa = PBXBuildFile; fileRef = A7D5C1D8203B7CFF00FCE61B /* SliderViewController.m */; };
		A7D5C1DD203B879400FCE61B /* SliderTableViewCell.m in Sources */ = {isa = PBXBuildFile; fileRef = A7D5C1DC203B879400FCE61B /* SliderTableViewCell.m */; };
		A7D5C1E0203C29C000FCE61B /* ResultTableViewCell.m in Sources */ = {isa = PBXBuildFile; fileRef = A7D5C1DF203C29C000FCE61B /* ResultTableViewCell.m */; };
		A7D5C1E4203C8E3700FCE61B /* SWRevealViewController.m in Sources */ = {isa = PBXBuildFile; fileRef = A7D5C1E2203C8E3700FCE61B /* SWRevealViewController.m */; };
/* End PBXBuildFile section */

/* Begin PBXContainerItemProxy section */
		A76B74F82035780A00FB1228 /* PBXContainerItemProxy */ = {
			isa = PBXContainerItemProxy;
			containerPortal = A76B74D72035780A00FB1228 /* Project object */;
			proxyType = 1;
			remoteGlobalIDString = A76B74DE2035780A00FB1228;
			remoteInfo = BarCodeDemoCode;
		};
		A76B75032035780A00FB1228 /* PBXContainerItemProxy */ = {
			isa = PBXContainerItemProxy;
			containerPortal = A76B74D72035780A00FB1228 /* Project object */;
			proxyType = 1;
			remoteGlobalIDString = A76B74DE2035780A00FB1228;
			remoteInfo = BarCodeDemoCode;
		};
/* End PBXContainerItemProxy section */

/* Begin PBXFileReference section */
		A76B74DF2035780A00FB1228 /* BarCodeDemoCode.app */ = {isa = PBXFileReference; explicitFileType = wrapper.application; includeInIndex = 0; path = BarCodeDemoCode.app; sourceTree = BUILT_PRODUCTS_DIR; };
		A76B74E22035780A00FB1228 /* AppDelegate.h */ = {isa = PBXFileReference; lastKnownFileType = sourcecode.c.h; path = AppDelegate.h; sourceTree = "<group>"; };
		A76B74E32035780A00FB1228 /* AppDelegate.m */ = {isa = PBXFileReference; lastKnownFileType = sourcecode.c.objc; path = AppDelegate.m; sourceTree = "<group>"; };
		A76B74E52035780A00FB1228 /* ViewController.h */ = {isa = PBXFileReference; lastKnownFileType = sourcecode.c.h; path = ViewController.h; sourceTree = "<group>"; };
		A76B74E62035780A00FB1228 /* ViewController.m */ = {isa = PBXFileReference; lastKnownFileType = sourcecode.c.objc; path = ViewController.m; sourceTree = "<group>"; };
		A76B74E92035780A00FB1228 /* Base */ = {isa = PBXFileReference; lastKnownFileType = file.storyboard; name = Base; path = Base.lproj/Main.storyboard; sourceTree = "<group>"; };
		A76B74EB2035780A00FB1228 /* Assets.xcassets */ = {isa = PBXFileReference; lastKnownFileType = folder.assetcatalog; path = Assets.xcassets; sourceTree = "<group>"; };
		A76B74EE2035780A00FB1228 /* Base */ = {isa = PBXFileReference; lastKnownFileType = file.storyboard; name = Base; path = Base.lproj/LaunchScreen.storyboard; sourceTree = "<group>"; };
		A76B74F02035780A00FB1228 /* Info.plist */ = {isa = PBXFileReference; lastKnownFileType = text.plist.xml; path = Info.plist; sourceTree = "<group>"; };
		A76B74F12035780A00FB1228 /* main.m */ = {isa = PBXFileReference; lastKnownFileType = sourcecode.c.objc; path = main.m; sourceTree = "<group>"; };
		A76B74F72035780A00FB1228 /* BarCodeDemoCodeTests.xctest */ = {isa = PBXFileReference; explicitFileType = wrapper.cfbundle; includeInIndex = 0; path = BarCodeDemoCodeTests.xctest; sourceTree = BUILT_PRODUCTS_DIR; };
		A76B74FB2035780A00FB1228 /* BarCodeDemoCodeTests.m */ = {isa = PBXFileReference; lastKnownFileType = sourcecode.c.objc; path = BarCodeDemoCodeTests.m; sourceTree = "<group>"; };
		A76B74FD2035780A00FB1228 /* Info.plist */ = {isa = PBXFileReference; lastKnownFileType = text.plist.xml; path = Info.plist; sourceTree = "<group>"; };
		A76B75022035780A00FB1228 /* BarCodeDemoCodeUITests.xctest */ = {isa = PBXFileReference; explicitFileType = wrapper.cfbundle; includeInIndex = 0; path = BarCodeDemoCodeUITests.xctest; sourceTree = BUILT_PRODUCTS_DIR; };
		A76B75062035780A00FB1228 /* BarCodeDemoCodeUITests.m */ = {isa = PBXFileReference; lastKnownFileType = sourcecode.c.objc; path = BarCodeDemoCodeUITests.m; sourceTree = "<group>"; };
		A76B75082035780A00FB1228 /* Info.plist */ = {isa = PBXFileReference; lastKnownFileType = text.plist.xml; path = Info.plist; sourceTree = "<group>"; };
		A76B75142035790400FB1228 /* Webservice.m */ = {isa = PBXFileReference; fileEncoding = 4; lastKnownFileType = sourcecode.c.objc; path = Webservice.m; sourceTree = "<group>"; };
		A76B75152035790400FB1228 /* Webservice.h */ = {isa = PBXFileReference; fileEncoding = 4; lastKnownFileType = sourcecode.c.h; path = Webservice.h; sourceTree = "<group>"; };
		A76B75162035790400FB1228 /* Modal.m */ = {isa = PBXFileReference; fileEncoding = 4; lastKnownFileType = sourcecode.c.objc; path = Modal.m; sourceTree = "<group>"; };
		A76B75172035790400FB1228 /* Modal.h */ = {isa = PBXFileReference; fileEncoding = 4; lastKnownFileType = sourcecode.c.h; path = Modal.h; sourceTree = "<group>"; };
		A76B751A2035793000FB1228 /* ScanditBarcodeScanner.framework */ = {isa = PBXFileReference; lastKnownFileType = wrapper.framework; path = ScanditBarcodeScanner.framework; sourceTree = "<group>"; };
		A76B751D2035796000FB1228 /* MediaPlayer.framework */ = {isa = PBXFileReference; lastKnownFileType = wrapper.framework; name = MediaPlayer.framework; path = System/Library/Frameworks/MediaPlayer.framework; sourceTree = SDKROOT; };
		A76B751F2035797300FB1228 /* Accelerate.framework */ = {isa = PBXFileReference; lastKnownFileType = wrapper.framework; name = Accelerate.framework; path = System/Library/Frameworks/Accelerate.framework; sourceTree = SDKROOT; };
		A76B75212035797F00FB1228 /* CoreText.framework */ = {isa = PBXFileReference; lastKnownFileType = wrapper.framework; name = CoreText.framework; path = System/Library/Frameworks/CoreText.framework; sourceTree = SDKROOT; };
		A76B75232035799700FB1228 /* CoreMedia.framework */ = {isa = PBXFileReference; lastKnownFileType = wrapper.framework; name = CoreMedia.framework; path = System/Library/Frameworks/CoreMedia.framework; sourceTree = SDKROOT; };
		A76B75242035799800FB1228 /* CoreLocation.framework */ = {isa = PBXFileReference; lastKnownFileType = wrapper.framework; name = CoreLocation.framework; path = System/Library/Frameworks/CoreLocation.framework; sourceTree = SDKROOT; };
		A76B7527203579A100FB1228 /* Foundation.framework */ = {isa = PBXFileReference; lastKnownFileType = wrapper.framework; name = Foundation.framework; path = System/Library/Frameworks/Foundation.framework; sourceTree = SDKROOT; };
		A76B7529203579AB00FB1228 /* AVFoundation.framework */ = {isa = PBXFileReference; lastKnownFileType = wrapper.framework; name = AVFoundation.framework; path = System/Library/Frameworks/AVFoundation.framework; sourceTree = SDKROOT; };
		A76B752B203579C000FB1228 /* SystemConfiguration.framework */ = {isa = PBXFileReference; lastKnownFileType = wrapper.framework; name = SystemConfiguration.framework; path = System/Library/Frameworks/SystemConfiguration.framework; sourceTree = SDKROOT; };
		A76B752D203579CD00FB1228 /* libc++.tbd */ = {isa = PBXFileReference; lastKnownFileType = "sourcecode.text-based-dylib-definition"; name = "libc++.tbd"; path = "usr/lib/libc++.tbd"; sourceTree = SDKROOT; };
		A76B752F203579D700FB1228 /* libz.tbd */ = {isa = PBXFileReference; lastKnownFileType = "sourcecode.text-based-dylib-definition"; name = libz.tbd; path = usr/lib/libz.tbd; sourceTree = SDKROOT; };
		A76B7531203579E200FB1228 /* libiconv.tbd */ = {isa = PBXFileReference; lastKnownFileType = "sourcecode.text-based-dylib-definition"; name = libiconv.tbd; path = usr/lib/libiconv.tbd; sourceTree = SDKROOT; };
		A76B7533203579EB00FB1228 /* OpenGLES.framework */ = {isa = PBXFileReference; lastKnownFileType = wrapper.framework; name = OpenGLES.framework; path = System/Library/Frameworks/OpenGLES.framework; sourceTree = SDKROOT; };
		A76B753520357A5500FB1228 /* ResultViewController.h */ = {isa = PBXFileReference; fileEncoding = 4; lastKnownFileType = sourcecode.c.h; path = ResultViewController.h; sourceTree = "<group>"; };
		A76B753620357A5500FB1228 /* ResultViewController.m */ = {isa = PBXFileReference; fileEncoding = 4; lastKnownFileType = sourcecode.c.objc; path = ResultViewController.m; sourceTree = "<group>"; };
		A76B753820357A9A00FB1228 /* WebServicesResultModal.h */ = {isa = PBXFileReference; fileEncoding = 4; lastKnownFileType = sourcecode.c.h; path = WebServicesResultModal.h; sourceTree = "<group>"; };
		A76B753920357A9A00FB1228 /* WebServicesResultModal.m */ = {isa = PBXFileReference; fileEncoding = 4; lastKnownFileType = sourcecode.c.objc; path = WebServicesResultModal.m; sourceTree = "<group>"; };
		A7D5C1D7203B7CFF00FCE61B /* SliderViewController.h */ = {isa = PBXFileReference; lastKnownFileType = sourcecode.c.h; path = SliderViewController.h; sourceTree = "<group>"; };
		A7D5C1D8203B7CFF00FCE61B /* SliderViewController.m */ = {isa = PBXFileReference; lastKnownFileType = sourcecode.c.objc; path = SliderViewController.m; sourceTree = "<group>"; };
		A7D5C1DB203B879400FCE61B /* SliderTableViewCell.h */ = {isa = PBXFileReference; lastKnownFileType = sourcecode.c.h; path = SliderTableViewCell.h; sourceTree = "<group>"; };
		A7D5C1DC203B879400FCE61B /* SliderTableViewCell.m */ = {isa = PBXFileReference; lastKnownFileType = sourcecode.c.objc; path = SliderTableViewCell.m; sourceTree = "<group>"; };
		A7D5C1DE203C29C000FCE61B /* ResultTableViewCell.h */ = {isa = PBXFileReference; lastKnownFileType = sourcecode.c.h; path = ResultTableViewCell.h; sourceTree = "<group>"; };
		A7D5C1DF203C29C000FCE61B /* ResultTableViewCell.m */ = {isa = PBXFileReference; lastKnownFileType = sourcecode.c.objc; path = ResultTableViewCell.m; sourceTree = "<group>"; };
		A7D5C1E2203C8E3700FCE61B /* SWRevealViewController.m */ = {isa = PBXFileReference; fileEncoding = 4; lastKnownFileType = sourcecode.c.objc; path = SWRevealViewController.m; sourceTree = "<group>"; };
		A7D5C1E3203C8E3700FCE61B /* SWRevealViewController.h */ = {isa = PBXFileReference; fileEncoding = 4; lastKnownFileType = sourcecode.c.h; path = SWRevealViewController.h; sourceTree = "<group>"; };
/* End PBXFileReference section */

/* Begin PBXFrameworksBuildPhase section */
		A76B74DC2035780A00FB1228 /* Frameworks */ = {
			isa = PBXFrameworksBuildPhase;
			buildActionMask = 2147483647;
			files = (
				A76B7534203579EB00FB1228 /* OpenGLES.framework in Frameworks */,
				A76B7532203579E200FB1228 /* libiconv.tbd in Frameworks */,
				A76B7530203579D700FB1228 /* libz.tbd in Frameworks */,
				A76B752E203579CD00FB1228 /* libc++.tbd in Frameworks */,
				A76B752C203579C000FB1228 /* SystemConfiguration.framework in Frameworks */,
				A76B75262035799800FB1228 /* CoreLocation.framework in Frameworks */,
				A76B752A203579AB00FB1228 /* AVFoundation.framework in Frameworks */,
				A76B7528203579A100FB1228 /* Foundation.framework in Frameworks */,
				A76B75252035799800FB1228 /* CoreMedia.framework in Frameworks */,
				A76B75222035797F00FB1228 /* CoreText.framework in Frameworks */,
				A76B75202035797300FB1228 /* Accelerate.framework in Frameworks */,
				A76B751E2035796000FB1228 /* MediaPlayer.framework in Frameworks */,
				A76B751B2035793000FB1228 /* ScanditBarcodeScanner.framework in Frameworks */,
			);
			runOnlyForDeploymentPostprocessing = 0;
		};
		A76B74F42035780A00FB1228 /* Frameworks */ = {
			isa = PBXFrameworksBuildPhase;
			buildActionMask = 2147483647;
			files = (
			);
			runOnlyForDeploymentPostprocessing = 0;
		};
		A76B74FF2035780A00FB1228 /* Frameworks */ = {
			isa = PBXFrameworksBuildPhase;
			buildActionMask = 2147483647;
			files = (
			);
			runOnlyForDeploymentPostprocessing = 0;
		};
/* End PBXFrameworksBuildPhase section */

/* Begin PBXGroup section */
		A76B74D62035780A00FB1228 = {
			isa = PBXGroup;
			children = (
				A7D5C1E1203C8E0400FCE61B /* SliderClass */,
				A7D5C1DA203B877300FCE61B /* TableCell */,
				A76B751A2035793000FB1228 /* ScanditBarcodeScanner.framework */,
				A76B74E12035780A00FB1228 /* BarCodeDemoCode */,
				A76B74FA2035780A00FB1228 /* BarCodeDemoCodeTests */,
				A76B75052035780A00FB1228 /* BarCodeDemoCodeUITests */,
				A76B74E02035780A00FB1228 /* Products */,
				A76B751C2035795F00FB1228 /* Frameworks */,
			);
			sourceTree = "<group>";
		};
		A76B74E02035780A00FB1228 /* Products */ = {
			isa = PBXGroup;
			children = (
				A76B74DF2035780A00FB1228 /* BarCodeDemoCode.app */,
				A76B74F72035780A00FB1228 /* BarCodeDemoCodeTests.xctest */,
				A76B75022035780A00FB1228 /* BarCodeDemoCodeUITests.xctest */,
			);
			name = Products;
			sourceTree = "<group>";
		};
		A76B74E12035780A00FB1228 /* BarCodeDemoCode */ = {
			isa = PBXGroup;
			children = (
				A76B74E22035780A00FB1228 /* AppDelegate.h */,
				A76B74E32035780A00FB1228 /* AppDelegate.m */,
				A7D5C1D2203B649900FCE61B /* WebservicesClass */,
				A7D5C1D1203B648A00FCE61B /* View */,
				A7D5C1D0203B646200FCE61B /* Controllers */,
				A7D5C1CF203B643400FCE61B /* Modal */,
				A76B74EB2035780A00FB1228 /* Assets.xcassets */,
				A76B74ED2035780A00FB1228 /* LaunchScreen.storyboard */,
				A76B74F02035780A00FB1228 /* Info.plist */,
				A76B74F12035780A00FB1228 /* main.m */,
			);
			path = BarCodeDemoCode;
			sourceTree = "<group>";
		};
		A76B74FA2035780A00FB1228 /* BarCodeDemoCodeTests */ = {
			isa = PBXGroup;
			children = (
				A76B74FB2035780A00FB1228 /* BarCodeDemoCodeTests.m */,
				A76B74FD2035780A00FB1228 /* Info.plist */,
			);
			path = BarCodeDemoCodeTests;
			sourceTree = "<group>";
		};
		A76B75052035780A00FB1228 /* BarCodeDemoCodeUITests */ = {
			isa = PBXGroup;
			children = (
				A76B75062035780A00FB1228 /* BarCodeDemoCodeUITests.m */,
				A76B75082035780A00FB1228 /* Info.plist */,
			);
			path = BarCodeDemoCodeUITests;
			sourceTree = "<group>";
		};
		A76B751C2035795F00FB1228 /* Frameworks */ = {
			isa = PBXGroup;
			children = (
				A76B7533203579EB00FB1228 /* OpenGLES.framework */,
				A76B7531203579E200FB1228 /* libiconv.tbd */,
				A76B752F203579D700FB1228 /* libz.tbd */,
				A76B752D203579CD00FB1228 /* libc++.tbd */,
				A76B752B203579C000FB1228 /* SystemConfiguration.framework */,
				A76B7529203579AB00FB1228 /* AVFoundation.framework */,
				A76B7527203579A100FB1228 /* Foundation.framework */,
				A76B75242035799800FB1228 /* CoreLocation.framework */,
				A76B75232035799700FB1228 /* CoreMedia.framework */,
				A76B75212035797F00FB1228 /* CoreText.framework */,
				A76B751F2035797300FB1228 /* Accelerate.framework */,
				A76B751D2035796000FB1228 /* MediaPlayer.framework */,
			);
			name = Frameworks;
			sourceTree = "<group>";
		};
		A7D5C1CF203B643400FCE61B /* Modal */ = {
			isa = PBXGroup;
			children = (
				A76B753820357A9A00FB1228 /* WebServicesResultModal.h */,
				A76B753920357A9A00FB1228 /* WebServicesResultModal.m */,
				A76B75172035790400FB1228 /* Modal.h */,
				A76B75162035790400FB1228 /* Modal.m */,
			);
			path = Modal;
			sourceTree = "<group>";
		};
		A7D5C1D0203B646200FCE61B /* Controllers */ = {
			isa = PBXGroup;
			children = (
				A76B74E52035780A00FB1228 /* ViewController.h */,
				A76B74E62035780A00FB1228 /* ViewController.m */,
				A76B753520357A5500FB1228 /* ResultViewController.h */,
				A76B753620357A5500FB1228 /* ResultViewController.m */,
				A7D5C1D7203B7CFF00FCE61B /* SliderViewController.h */,
				A7D5C1D8203B7CFF00FCE61B /* SliderViewController.m */,
			);
			path = Controllers;
			sourceTree = "<group>";
		};
		A7D5C1D1203B648A00FCE61B /* View */ = {
			isa = PBXGroup;
			children = (
				A76B74E82035780A00FB1228 /* Main.storyboard */,
			);
			path = View;
			sourceTree = "<group>";
		};
		A7D5C1D2203B649900FCE61B /* WebservicesClass */ = {
			isa = PBXGroup;
			children = (
				A76B75152035790400FB1228 /* Webservice.h */,
				A76B75142035790400FB1228 /* Webservice.m */,
			);
			path = WebservicesClass;
			sourceTree = "<group>";
		};
		A7D5C1DA203B877300FCE61B /* TableCell */ = {
			isa = PBXGroup;
			children = (
				A7D5C1DB203B879400FCE61B /* SliderTableViewCell.h */,
				A7D5C1DC203B879400FCE61B /* SliderTableViewCell.m */,
				A7D5C1DE203C29C000FCE61B /* ResultTableViewCell.h */,
				A7D5C1DF203C29C000FCE61B /* ResultTableViewCell.m */,
			);
			path = TableCell;
			sourceTree = "<group>";
		};
		A7D5C1E1203C8E0400FCE61B /* SliderClass */ = {
			isa = PBXGroup;
			children = (
				A7D5C1E3203C8E3700FCE61B /* SWRevealViewController.h */,
				A7D5C1E2203C8E3700FCE61B /* SWRevealViewController.m */,
			);
			path = SliderClass;
			sourceTree = "<group>";
		};
/* End PBXGroup section */

/* Begin PBXNativeTarget section */
		A76B74DE2035780A00FB1228 /* BarCodeDemoCode */ = {
			isa = PBXNativeTarget;
			buildConfigurationList = A76B750B2035780A00FB1228 /* Build configuration list for PBXNativeTarget "BarCodeDemoCode" */;
			buildPhases = (
				A76B74DB2035780A00FB1228 /* Sources */,
				A76B74DC2035780A00FB1228 /* Frameworks */,
				A76B74DD2035780A00FB1228 /* Resources */,
			);
			buildRules = (
			);
			dependencies = (
			);
			name = BarCodeDemoCode;
			productName = BarCodeDemoCode;
			productReference = A76B74DF2035780A00FB1228 /* BarCodeDemoCode.app */;
			productType = "com.apple.product-type.application";
		};
		A76B74F62035780A00FB1228 /* BarCodeDemoCodeTests */ = {
			isa = PBXNativeTarget;
			buildConfigurationList = A76B750E2035780A00FB1228 /* Build configuration list for PBXNativeTarget "BarCodeDemoCodeTests" */;
			buildPhases = (
				A76B74F32035780A00FB1228 /* Sources */,
				A76B74F42035780A00FB1228 /* Frameworks */,
				A76B74F52035780A00FB1228 /* Resources */,
			);
			buildRules = (
			);
			dependencies = (
				A76B74F92035780A00FB1228 /* PBXTargetDependency */,
			);
			name = BarCodeDemoCodeTests;
			productName = BarCodeDemoCodeTests;
			productReference = A76B74F72035780A00FB1228 /* BarCodeDemoCodeTests.xctest */;
			productType = "com.apple.product-type.bundle.unit-test";
		};
		A76B75012035780A00FB1228 /* BarCodeDemoCodeUITests */ = {
			isa = PBXNativeTarget;
			buildConfigurationList = A76B75112035780A00FB1228 /* Build configuration list for PBXNativeTarget "BarCodeDemoCodeUITests" */;
			buildPhases = (
				A76B74FE2035780A00FB1228 /* Sources */,
				A76B74FF2035780A00FB1228 /* Frameworks */,
				A76B75002035780A00FB1228 /* Resources */,
			);
			buildRules = (
			);
			dependencies = (
				A76B75042035780A00FB1228 /* PBXTargetDependency */,
			);
			name = BarCodeDemoCodeUITests;
			productName = BarCodeDemoCodeUITests;
			productReference = A76B75022035780A00FB1228 /* BarCodeDemoCodeUITests.xctest */;
			productType = "com.apple.product-type.bundle.ui-testing";
		};
/* End PBXNativeTarget section */

/* Begin PBXProject section */
		A76B74D72035780A00FB1228 /* Project object */ = {
			isa = PBXProject;
			attributes = {
				LastUpgradeCheck = 0920;
				ORGANIZATIONNAME = "shikha ";
				TargetAttributes = {
					A76B74DE2035780A00FB1228 = {
						CreatedOnToolsVersion = 9.2;
						ProvisioningStyle = Automatic;
					};
					A76B74F62035780A00FB1228 = {
						CreatedOnToolsVersion = 9.2;
						ProvisioningStyle = Automatic;
						TestTargetID = A76B74DE2035780A00FB1228;
					};
					A76B75012035780A00FB1228 = {
						CreatedOnToolsVersion = 9.2;
						ProvisioningStyle = Automatic;
						TestTargetID = A76B74DE2035780A00FB1228;
					};
				};
			};
			buildConfigurationList = A76B74DA2035780A00FB1228 /* Build configuration list for PBXProject "BarCodeDemoCode" */;
			compatibilityVersion = "Xcode 8.0";
			developmentRegion = en;
			hasScannedForEncodings = 0;
			knownRegions = (
				en,
				Base,
			);
			mainGroup = A76B74D62035780A00FB1228;
			productRefGroup = A76B74E02035780A00FB1228 /* Products */;
			projectDirPath = "";
			projectRoot = "";
			targets = (
				A76B74DE2035780A00FB1228 /* BarCodeDemoCode */,
				A76B74F62035780A00FB1228 /* BarCodeDemoCodeTests */,
				A76B75012035780A00FB1228 /* BarCodeDemoCodeUITests */,
			);
		};
/* End PBXProject section */

/* Begin PBXResourcesBuildPhase section */
		A76B74DD2035780A00FB1228 /* Resources */ = {
			isa = PBXResourcesBuildPhase;
			buildActionMask = 2147483647;
			files = (
				A76B74EF2035780A00FB1228 /* LaunchScreen.storyboard in Resources */,
				A76B74EC2035780A00FB1228 /* Assets.xcassets in Resources */,
				A76B74EA2035780A00FB1228 /* Main.storyboard in Resources */,
			);
			runOnlyForDeploymentPostprocessing = 0;
		};
		A76B74F52035780A00FB1228 /* Resources */ = {
			isa = PBXResourcesBuildPhase;
			buildActionMask = 2147483647;
			files = (
			);
			runOnlyForDeploymentPostprocessing = 0;
		};
		A76B75002035780A00FB1228 /* Resources */ = {
			isa = PBXResourcesBuildPhase;
			buildActionMask = 2147483647;
			files = (
			);
			runOnlyForDeploymentPostprocessing = 0;
		};
/* End PBXResourcesBuildPhase section */

/* Begin PBXSourcesBuildPhase section */
		A76B74DB2035780A00FB1228 /* Sources */ = {
			isa = PBXSourcesBuildPhase;
			buildActionMask = 2147483647;
			files = (
				A76B74E72035780A00FB1228 /* ViewController.m in Sources */,
				A76B75192035790400FB1228 /* Modal.m in Sources */,
				A76B74F22035780A00FB1228 /* main.m in Sources */,
				A7D5C1DD203B879400FCE61B /* SliderTableViewCell.m in Sources */,
				A76B753A20357A9A00FB1228 /* WebServicesResultModal.m in Sources */,
				A76B75182035790400FB1228 /* Webservice.m in Sources */,
				A76B74E42035780A00FB1228 /* AppDelegate.m in Sources */,
				A7D5C1E0203C29C000FCE61B /* ResultTableViewCell.m in Sources */,
				A7D5C1E4203C8E3700FCE61B /* SWRevealViewController.m in Sources */,
				A7D5C1D9203B7CFF00FCE61B /* SliderViewController.m in Sources */,
				A76B753720357A5500FB1228 /* ResultViewController.m in Sources */,
			);
			runOnlyForDeploymentPostprocessing = 0;
		};
		A76B74F32035780A00FB1228 /* Sources */ = {
			isa = PBXSourcesBuildPhase;
			buildActionMask = 2147483647;
			files = (
				A76B74FC2035780A00FB1228 /* BarCodeDemoCodeTests.m in Sources */,
			);
			runOnlyForDeploymentPostprocessing = 0;
		};
		A76B74FE2035780A00FB1228 /* Sources */ = {
			isa = PBXSourcesBuildPhase;
			buildActionMask = 2147483647;
			files = (
				A76B75072035780A00FB1228 /* BarCodeDemoCodeUITests.m in Sources */,
			);
			runOnlyForDeploymentPostprocessing = 0;
		};
/* End PBXSourcesBuildPhase section */

/* Begin PBXTargetDependency section */
		A76B74F92035780A00FB1228 /* PBXTargetDependency */ = {
			isa = PBXTargetDependency;
			target = A76B74DE2035780A00FB1228 /* BarCodeDemoCode */;
			targetProxy = A76B74F82035780A00FB1228 /* PBXContainerItemProxy */;
		};
		A76B75042035780A00FB1228 /* PBXTargetDependency */ = {
			isa = PBXTargetDependency;
			target = A76B74DE2035780A00FB1228 /* BarCodeDemoCode */;
			targetProxy = A76B75032035780A00FB1228 /* PBXContainerItemProxy */;
		};
/* End PBXTargetDependency section */

/* Begin PBXVariantGroup section */
		A76B74E82035780A00FB1228 /* Main.storyboard */ = {
			isa = PBXVariantGroup;
			children = (
				A76B74E92035780A00FB1228 /* Base */,
			);
			name = Main.storyboard;
			sourceTree = "<group>";
		};
		A76B74ED2035780A00FB1228 /* LaunchScreen.storyboard */ = {
			isa = PBXVariantGroup;
			children = (
				A76B74EE2035780A00FB1228 /* Base */,
			);
			name = LaunchScreen.storyboard;
			sourceTree = "<group>";
		};
/* End PBXVariantGroup section */

/* Begin XCBuildConfiguration section */
		A76B75092035780A00FB1228 /* Debug */ = {
			isa = XCBuildConfiguration;
			buildSettings = {
				ALWAYS_SEARCH_USER_PATHS = NO;
				CLANG_ANALYZER_NONNULL = YES;
				CLANG_ANALYZER_NUMBER_OBJECT_CONVERSION = YES_AGGRESSIVE;
				CLANG_CXX_LANGUAGE_STANDARD = "gnu++14";
				CLANG_CXX_LIBRARY = "libc++";
				CLANG_ENABLE_MODULES = YES;
				CLANG_ENABLE_OBJC_ARC = YES;
				CLANG_WARN_BLOCK_CAPTURE_AUTORELEASING = YES;
				CLANG_WARN_BOOL_CONVERSION = YES;
				CLANG_WARN_COMMA = YES;
				CLANG_WARN_CONSTANT_CONVERSION = YES;
				CLANG_WARN_DIRECT_OBJC_ISA_USAGE = YES_ERROR;
				CLANG_WARN_DOCUMENTATION_COMMENTS = YES;
				CLANG_WARN_EMPTY_BODY = YES;
				CLANG_WARN_ENUM_CONVERSION = YES;
				CLANG_WARN_INFINITE_RECURSION = YES;
				CLANG_WARN_INT_CONVERSION = YES;
				CLANG_WARN_NON_LITERAL_NULL_CONVERSION = YES;
				CLANG_WARN_OBJC_LITERAL_CONVERSION = YES;
				CLANG_WARN_OBJC_ROOT_CLASS = YES_ERROR;
				CLANG_WARN_RANGE_LOOP_ANALYSIS = YES;
				CLANG_WARN_STRICT_PROTOTYPES = YES;
				CLANG_WARN_SUSPICIOUS_MOVE = YES;
				CLANG_WARN_UNGUARDED_AVAILABILITY = YES_AGGRESSIVE;
				CLANG_WARN_UNREACHABLE_CODE = YES;
				CLANG_WARN__DUPLICATE_METHOD_MATCH = YES;
				CODE_SIGN_IDENTITY = "iPhone Developer";
				COPY_PHASE_STRIP = NO;
				DEBUG_INFORMATION_FORMAT = dwarf;
				ENABLE_STRICT_OBJC_MSGSEND = YES;
				ENABLE_TESTABILITY = YES;
				GCC_C_LANGUAGE_STANDARD = gnu11;
				GCC_DYNAMIC_NO_PIC = NO;
				GCC_NO_COMMON_BLOCKS = YES;
				GCC_OPTIMIZATION_LEVEL = 0;
				GCC_PREPROCESSOR_DEFINITIONS = (
					"DEBUG=1",
					"$(inherited)",
				);
				GCC_WARN_64_TO_32_BIT_CONVERSION = YES;
				GCC_WARN_ABOUT_RETURN_TYPE = YES_ERROR;
				GCC_WARN_UNDECLARED_SELECTOR = YES;
				GCC_WARN_UNINITIALIZED_AUTOS = YES_AGGRESSIVE;
				GCC_WARN_UNUSED_FUNCTION = YES;
				GCC_WARN_UNUSED_VARIABLE = YES;
				IPHONEOS_DEPLOYMENT_TARGET = 11.2;
				MTL_ENABLE_DEBUG_INFO = YES;
				ONLY_ACTIVE_ARCH = YES;
				SDKROOT = iphoneos;
			};
			name = Debug;
		};
		A76B750A2035780A00FB1228 /* Release */ = {
			isa = XCBuildConfiguration;
			buildSettings = {
				ALWAYS_SEARCH_USER_PATHS = NO;
				CLANG_ANALYZER_NONNULL = YES;
				CLANG_ANALYZER_NUMBER_OBJECT_CONVERSION = YES_AGGRESSIVE;
				CLANG_CXX_LANGUAGE_STANDARD = "gnu++14";
				CLANG_CXX_LIBRARY = "libc++";
				CLANG_ENABLE_MODULES = YES;
				CLANG_ENABLE_OBJC_ARC = YES;
				CLANG_WARN_BLOCK_CAPTURE_AUTORELEASING = YES;
				CLANG_WARN_BOOL_CONVERSION = YES;
				CLANG_WARN_COMMA = YES;
				CLANG_WARN_CONSTANT_CONVERSION = YES;
				CLANG_WARN_DIRECT_OBJC_ISA_USAGE = YES_ERROR;
				CLANG_WARN_DOCUMENTATION_COMMENTS = YES;
				CLANG_WARN_EMPTY_BODY = YES;
				CLANG_WARN_ENUM_CONVERSION = YES;
				CLANG_WARN_INFINITE_RECURSION = YES;
				CLANG_WARN_INT_CONVERSION = YES;
				CLANG_WARN_NON_LITERAL_NULL_CONVERSION = YES;
				CLANG_WARN_OBJC_LITERAL_CONVERSION = YES;
				CLANG_WARN_OBJC_ROOT_CLASS = YES_ERROR;
				CLANG_WARN_RANGE_LOOP_ANALYSIS = YES;
				CLANG_WARN_STRICT_PROTOTYPES = YES;
				CLANG_WARN_SUSPICIOUS_MOVE = YES;
				CLANG_WARN_UNGUARDED_AVAILABILITY = YES_AGGRESSIVE;
				CLANG_WARN_UNREACHABLE_CODE = YES;
				CLANG_WARN__DUPLICATE_METHOD_MATCH = YES;
				CODE_SIGN_IDENTITY = "iPhone Developer";
				COPY_PHASE_STRIP = NO;
				DEBUG_INFORMATION_FORMAT = "dwarf-with-dsym";
				ENABLE_NS_ASSERTIONS = NO;
				ENABLE_STRICT_OBJC_MSGSEND = YES;
				GCC_C_LANGUAGE_STANDARD = gnu11;
				GCC_NO_COMMON_BLOCKS = YES;
				GCC_WARN_64_TO_32_BIT_CONVERSION = YES;
				GCC_WARN_ABOUT_RETURN_TYPE = YES_ERROR;
				GCC_WARN_UNDECLARED_SELECTOR = YES;
				GCC_WARN_UNINITIALIZED_AUTOS = YES_AGGRESSIVE;
				GCC_WARN_UNUSED_FUNCTION = YES;
				GCC_WARN_UNUSED_VARIABLE = YES;
				IPHONEOS_DEPLOYMENT_TARGET = 11.2;
				MTL_ENABLE_DEBUG_INFO = NO;
				SDKROOT = iphoneos;
				VALIDATE_PRODUCT = YES;
			};
			name = Release;
		};
		A76B750C2035780A00FB1228 /* Debug */ = {
			isa = XCBuildConfiguration;
			buildSettings = {
				ASSETCATALOG_COMPILER_APPICON_NAME = AppIcon;
				"CODE_SIGN_IDENTITY[sdk=iphoneos*]" = "iPhone Developer";
				CODE_SIGN_STYLE = Automatic;
				DEVELOPMENT_TEAM = 4AM28NB825;
				FRAMEWORK_SEARCH_PATHS = (
					"$(inherited)",
					"$(PROJECT_DIR)",
				);
				INFOPLIST_FILE = BarCodeDemoCode/Info.plist;
				IPHONEOS_DEPLOYMENT_TARGET = 11.0;
				LD_RUNPATH_SEARCH_PATHS = "$(inherited) @executable_path/Frameworks";
				PRODUCT_BUNDLE_IDENTIFIER = com.a1distribute.barcode;
				PRODUCT_NAME = "$(TARGET_NAME)";
				PROVISIONING_PROFILE = "";
				PROVISIONING_PROFILE_SPECIFIER = "";
				TARGETED_DEVICE_FAMILY = "1,2";
			};
			name = Debug;
		};
		A76B750D2035780A00FB1228 /* Release */ = {
			isa = XCBuildConfiguration;
			buildSettings = {
				ASSETCATALOG_COMPILER_APPICON_NAME = AppIcon;
				"CODE_SIGN_IDENTITY[sdk=iphoneos*]" = "iPhone Developer";
				CODE_SIGN_STYLE = Automatic;
				DEVELOPMENT_TEAM = 4AM28NB825;
				FRAMEWORK_SEARCH_PATHS = (
					"$(inherited)",
					"$(PROJECT_DIR)",
				);
				INFOPLIST_FILE = BarCodeDemoCode/Info.plist;
				IPHONEOS_DEPLOYMENT_TARGET = 11.0;
				LD_RUNPATH_SEARCH_PATHS = "$(inherited) @executable_path/Frameworks";
				PRODUCT_BUNDLE_IDENTIFIER = com.a1distribute.barcode;
				PRODUCT_NAME = "$(TARGET_NAME)";
				PROVISIONING_PROFILE = "";
				PROVISIONING_PROFILE_SPECIFIER = "";
				TARGETED_DEVICE_FAMILY = "1,2";
			};
			name = Release;
		};
		A76B750F2035780A00FB1228 /* Debug */ = {
			isa = XCBuildConfiguration;
			buildSettings = {
				BUNDLE_LOADER = "$(TEST_HOST)";
				CODE_SIGN_STYLE = Automatic;
				INFOPLIST_FILE = BarCodeDemoCodeTests/Info.plist;
				LD_RUNPATH_SEARCH_PATHS = "$(inherited) @executable_path/Frameworks @loader_path/Frameworks";
				PRODUCT_BUNDLE_IDENTIFIER = com.a1distribute.BarCodeDemoCodeTests;
				PRODUCT_NAME = "$(TARGET_NAME)";
				TARGETED_DEVICE_FAMILY = "1,2";
				TEST_HOST = "$(BUILT_PRODUCTS_DIR)/BarCodeDemoCode.app/BarCodeDemoCode";
			};
			name = Debug;
		};
		A76B75102035780A00FB1228 /* Release */ = {
			isa = XCBuildConfiguration;
			buildSettings = {
				BUNDLE_LOADER = "$(TEST_HOST)";
				CODE_SIGN_STYLE = Automatic;
				INFOPLIST_FILE = BarCodeDemoCodeTests/Info.plist;
				LD_RUNPATH_SEARCH_PATHS = "$(inherited) @executable_path/Frameworks @loader_path/Frameworks";
				PRODUCT_BUNDLE_IDENTIFIER = com.a1distribute.BarCodeDemoCodeTests;
				PRODUCT_NAME = "$(TARGET_NAME)";
				TARGETED_DEVICE_FAMILY = "1,2";
				TEST_HOST = "$(BUILT_PRODUCTS_DIR)/BarCodeDemoCode.app/BarCodeDemoCode";
			};
			name = Release;
		};
		A76B75122035780A00FB1228 /* Debug */ = {
			isa = XCBuildConfiguration;
			buildSettings = {
				CODE_SIGN_STYLE = Automatic;
				INFOPLIST_FILE = BarCodeDemoCodeUITests/Info.plist;
				LD_RUNPATH_SEARCH_PATHS = "$(inherited) @executable_path/Frameworks @loader_path/Frameworks";
				PRODUCT_BUNDLE_IDENTIFIER = com.a1distribute.BarCodeDemoCodeUITests;
				PRODUCT_NAME = "$(TARGET_NAME)";
				TARGETED_DEVICE_FAMILY = "1,2";
				TEST_TARGET_NAME = BarCodeDemoCode;
			};
			name = Debug;
		};
		A76B75132035780A00FB1228 /* Release */ = {
			isa = XCBuildConfiguration;
			buildSettings = {
				CODE_SIGN_STYLE = Automatic;
				INFOPLIST_FILE = BarCodeDemoCodeUITests/Info.plist;
				LD_RUNPATH_SEARCH_PATHS = "$(inherited) @executable_path/Frameworks @loader_path/Frameworks";
				PRODUCT_BUNDLE_IDENTIFIER = com.a1distribute.BarCodeDemoCodeUITests;
				PRODUCT_NAME = "$(TARGET_NAME)";
				TARGETED_DEVICE_FAMILY = "1,2";
				TEST_TARGET_NAME = BarCodeDemoCode;
			};
			name = Release;
		};
/* End XCBuildConfiguration section */

/* Begin XCConfigurationList section */
		A76B74DA2035780A00FB1228 /* Build configuration list for PBXProject "BarCodeDemoCode" */ = {
			isa = XCConfigurationList;
			buildConfigurations = (
				A76B75092035780A00FB1228 /* Debug */,
				A76B750A2035780A00FB1228 /* Release */,
			);
			defaultConfigurationIsVisible = 0;
			defaultConfigurationName = Release;
		};
		A76B750B2035780A00FB1228 /* Build configuration list for PBXNativeTarget "BarCodeDemoCode" */ = {
			isa = XCConfigurationList;
			buildConfigurations = (
				A76B750C2035780A00FB1228 /* Debug */,
				A76B750D2035780A00FB1228 /* Release */,
			);
			defaultConfigurationIsVisible = 0;
			defaultConfigurationName = Release;
		};
		A76B750E2035780A00FB1228 /* Build configuration list for PBXNativeTarget "BarCodeDemoCodeTests" */ = {
			isa = XCConfigurationList;
			buildConfigurations = (
				A76B750F2035780A00FB1228 /* Debug */,
				A76B75102035780A00FB1228 /* Release */,
			);
			defaultConfigurationIsVisible = 0;
			defaultConfigurationName = Release;
		};
		A76B75112035780A00FB1228 /* Build configuration list for PBXNativeTarget "BarCodeDemoCodeUITests" */ = {
			isa = XCConfigurationList;
			buildConfigurations = (
				A76B75122035780A00FB1228 /* Debug */,
				A76B75132035780A00FB1228 /* Release */,
			);
			defaultConfigurationIsVisible = 0;
			defaultConfigurationName = Release;
		};
/* End XCConfigurationList section */
	};
	rootObject = A76B74D72035780A00FB1228 /* Project object */;
}
